
Microsoft Visual Studio Solution File, Format Version 12.00
# Visual Studio Version 16
VisualStudioVersion = 16.0.32002.261
MinimumVisualStudioVersion = 10.0.40219.1
Project("{9A19103F-16F7-4668-BE54-9A1E7A4F7556}") = "Classwork", "02.09.2022 Classwork(Calc)\Classwork.csproj", "{425E7821-2418-46C1-BB32-A514B69DB715}"
EndProject
Project("{FAE04EC0-301F-11D3-BF4B-00C04F79EFBC}") = "TestPca", "TestPca\TestPca.csproj", "{9F321BCF-2DBD-4968-BA27-2417D08226A7}"
EndProject
Global
	GlobalSection(SolutionConfigurationPlatforms) = preSolution
		Debug|Any CPU = Debug|Any CPU
		Release|Any CPU = Release|Any CPU
	EndGlobalSection
	GlobalSection(ProjectConfigurationPlatforms) = postSolution
		{425E7821-2418-46C1-BB32-A514B69DB715}.Debug|Any CPU.ActiveCfg = Debug|Any CPU
		{425E7821-2418-46C1-BB32-A514B69DB715}.Debug|Any CPU.Build.0 = Debug|Any CPU
		{425E7821-2418-46C1-BB32-A514B69DB715}.Release|Any CPU.ActiveCfg = Release|Any CPU
		{425E7821-2418-46C1-BB32-A514B69DB715}.Release|Any CPU.Build.0 = Release|Any CPU
		{9F321BCF-2DBD-4968-BA27-2417D08226A7}.Debug|Any CPU.ActiveCfg = Debug|Any CPU
		{9F321BCF-2DBD-4968-BA27-2417D08226A7}.Debug|Any CPU.Build.0 = Debug|Any CPU
		{9F321BCF-2DBD-4968-BA27-2417D08226A7}.Release|Any CPU.ActiveCfg = Release|Any CPU
		{9F321BCF-2DBD-4968-BA27-2417D08226A7}.Release|Any CPU.Build.0 = Release|Any CPU
	EndGlobalSection
	GlobalSection(SolutionProperties) = preSolution
		HideSolutionNode = FALSE
	EndGlobalSection
	GlobalSection(ExtensibilityGlobals) = postSolution
		SolutionGuid = {041E8E59-CE3D-4E19-98A3-CCEF048D68AD}
	EndGlobalSection
EndGlobal
